
Microsoft Visual Studio Solution File, Format Version 12.00
# Visual Studio Version 17
VisualStudioVersion = 17.11.35303.130
MinimumVisualStudioVersion = 10.0.40219.1
Project("{8BC9CEB8-8B4A-11D0-8D11-00A0C91BC942}") = "labwork4.1", "labwork4.1.vcxproj", "{7C706D49-BE09-4818-A352-B8A8B52C005F}"
EndProject
Global
	GlobalSection(SolutionConfigurationPlatforms) = preSolution
		Debug|x64 = Debug|x64
		Debug|x86 = Debug|x86
		Release|x64 = Release|x64
		Release|x86 = Release|x86
	EndGlobalSection
	GlobalSection(ProjectConfigurationPlatforms) = postSolution
		{7C706D49-BE09-4818-A352-B8A8B52C005F}.Debug|x64.ActiveCfg = Debug|x64
		{7C706D49-BE09-4818-A352-B8A8B52C005F}.Debug|x64.Build.0 = Debug|x64
		{7C706D49-BE09-4818-A352-B8A8B52C005F}.Debug|x86.ActiveCfg = Debug|Win32
		{7C706D49-BE09-4818-A352-B8A8B52C005F}.Debug|x86.Build.0 = Debug|Win32
		{7C706D49-BE09-4818-A352-B8A8B52C005F}.Release|x64.ActiveCfg = Release|x64
		{7C706D49-BE09-4818-A352-B8A8B52C005F}.Release|x64.Build.0 = Release|x64
		{7C706D49-BE09-4818-A352-B8A8B52C005F}.Release|x86.ActiveCfg = Release|Win32
		{7C706D49-BE09-4818-A352-B8A8B52C005F}.Release|x86.Build.0 = Release|Win32
	EndGlobalSection
	GlobalSection(SolutionProperties) = preSolution
		HideSolutionNode = FALSE
	EndGlobalSection
	GlobalSection(ExtensibilityGlobals) = postSolution
		SolutionGuid = {FC61CBCE-932C-4CB3-9524-A53D15A6DF59}
	EndGlobalSection
EndGlobal
